
Microsoft Visual Studio Solution File, Format Version 12.00
# Visual Studio Version 16
VisualStudioVersion = 16.0.30309.148
MinimumVisualStudioVersion = 10.0.40219.1
Project("{FAE04EC0-301F-11D3-BF4B-00C04F79EFBC}") = "Hospital TECNologico", "Hospital TECNologico\Hospital TECNologico.csproj", "{22438ED0-0CD0-4F8C-AE7F-D859594A404B}"
EndProject
Global
	GlobalSection(SolutionConfigurationPlatforms) = preSolution
		Debug|Any CPU = Debug|Any CPU
		Release|Any CPU = Release|Any CPU
	EndGlobalSection
	GlobalSection(ProjectConfigurationPlatforms) = postSolution
		{22438ED0-0CD0-4F8C-AE7F-D859594A404B}.Debug|Any CPU.ActiveCfg = Debug|Any CPU
		{22438ED0-0CD0-4F8C-AE7F-D859594A404B}.Debug|Any CPU.Build.0 = Debug|Any CPU
		{22438ED0-0CD0-4F8C-AE7F-D859594A404B}.Release|Any CPU.ActiveCfg = Release|Any CPU
		{22438ED0-0CD0-4F8C-AE7F-D859594A404B}.Release|Any CPU.Build.0 = Release|Any CPU
	EndGlobalSection
	GlobalSection(SolutionProperties) = preSolution
		HideSolutionNode = FALSE
	EndGlobalSection
	GlobalSection(ExtensibilityGlobals) = postSolution
		SolutionGuid = {7A2F6B58-F47F-4DEB-BD96-84DF32A58939}
	EndGlobalSection
EndGlobal
